
Microsoft Visual Studio Solution File, Format Version 12.00
# Visual Studio 15
VisualStudioVersion = 15.0.27428.2002
MinimumVisualStudioVersion = 10.0.40219.1
Project("{FAE04EC0-301F-11D3-BF4B-00C04F79EFBC}") = "FinalProjectA", "FinalProjectA\FinalProjectA.csproj", "{C510BCC8-1EE9-4085-A514-AA6F7833F6D3}"
EndProject
Project("{FAE04EC0-301F-11D3-BF4B-00C04F79EFBC}") = "ProjectClass", "ProjectClass\ProjectClass.csproj", "{DC59348D-FDB5-40A3-A405-1EEBC7CF6A43}"
EndProject
Global
	GlobalSection(SolutionConfigurationPlatforms) = preSolution
		Debug|Any CPU = Debug|Any CPU
		Release|Any CPU = Release|Any CPU
	EndGlobalSection
	GlobalSection(ProjectConfigurationPlatforms) = postSolution
		{C510BCC8-1EE9-4085-A514-AA6F7833F6D3}.Debug|Any CPU.ActiveCfg = Debug|Any CPU
		{C510BCC8-1EE9-4085-A514-AA6F7833F6D3}.Debug|Any CPU.Build.0 = Debug|Any CPU
		{C510BCC8-1EE9-4085-A514-AA6F7833F6D3}.Release|Any CPU.ActiveCfg = Release|Any CPU
		{C510BCC8-1EE9-4085-A514-AA6F7833F6D3}.Release|Any CPU.Build.0 = Release|Any CPU
		{DC59348D-FDB5-40A3-A405-1EEBC7CF6A43}.Debug|Any CPU.ActiveCfg = Debug|Any CPU
		{DC59348D-FDB5-40A3-A405-1EEBC7CF6A43}.Debug|Any CPU.Build.0 = Debug|Any CPU
		{DC59348D-FDB5-40A3-A405-1EEBC7CF6A43}.Release|Any CPU.ActiveCfg = Release|Any CPU
		{DC59348D-FDB5-40A3-A405-1EEBC7CF6A43}.Release|Any CPU.Build.0 = Release|Any CPU
	EndGlobalSection
	GlobalSection(SolutionProperties) = preSolution
		HideSolutionNode = FALSE
	EndGlobalSection
	GlobalSection(ExtensibilityGlobals) = postSolution
		SolutionGuid = {4C231125-7A11-42FF-8FAB-9412F85174D1}
	EndGlobalSection
EndGlobal
